
Microsoft Visual Studio Solution File, Format Version 12.00
# Visual Studio Version 16
VisualStudioVersion = 16.0.33214.272
MinimumVisualStudioVersion = 10.0.40219.1
Project("{FAE04EC0-301F-11D3-BF4B-00C04F79EFBC}") = "z1", "z1\z1.csproj", "{83324CED-74DE-4EE7-8D65-8610C70CE760}"
EndProject
Project("{FAE04EC0-301F-11D3-BF4B-00C04F79EFBC}") = "ex1", "ex1\ex1.csproj", "{F39D815B-909A-4773-A542-D72E6E568622}"
EndProject
Global
	GlobalSection(SolutionConfigurationPlatforms) = preSolution
		Debug|Any CPU = Debug|Any CPU
		Release|Any CPU = Release|Any CPU
	EndGlobalSection
	GlobalSection(ProjectConfigurationPlatforms) = postSolution
		{83324CED-74DE-4EE7-8D65-8610C70CE760}.Debug|Any CPU.ActiveCfg = Debug|Any CPU
		{83324CED-74DE-4EE7-8D65-8610C70CE760}.Debug|Any CPU.Build.0 = Debug|Any CPU
		{83324CED-74DE-4EE7-8D65-8610C70CE760}.Release|Any CPU.ActiveCfg = Release|Any CPU
		{83324CED-74DE-4EE7-8D65-8610C70CE760}.Release|Any CPU.Build.0 = Release|Any CPU
		{F39D815B-909A-4773-A542-D72E6E568622}.Debug|Any CPU.ActiveCfg = Debug|Any CPU
		{F39D815B-909A-4773-A542-D72E6E568622}.Debug|Any CPU.Build.0 = Debug|Any CPU
		{F39D815B-909A-4773-A542-D72E6E568622}.Release|Any CPU.ActiveCfg = Release|Any CPU
		{F39D815B-909A-4773-A542-D72E6E568622}.Release|Any CPU.Build.0 = Release|Any CPU
	EndGlobalSection
	GlobalSection(SolutionProperties) = preSolution
		HideSolutionNode = FALSE
	EndGlobalSection
	GlobalSection(ExtensibilityGlobals) = postSolution
		SolutionGuid = {849827E8-9985-41EA-AD70-DC557A6F9F35}
	EndGlobalSection
EndGlobal
