
Microsoft Visual Studio Solution File, Format Version 12.00
# Visual Studio Version 17
VisualStudioVersion = 17.7.34202.233
MinimumVisualStudioVersion = 10.0.40219.1
Project("{FAE04EC0-301F-11D3-BF4B-00C04F79EFBC}") = "z1", "lr1\z1.csproj", "{4189486C-468C-4608-A447-7E23567A954A}"
EndProject
Project("{FAE04EC0-301F-11D3-BF4B-00C04F79EFBC}") = "z2", "z2\z2.csproj", "{10247020-DFE4-4EDC-9808-38C0CA18F4CA}"
EndProject
Project("{FAE04EC0-301F-11D3-BF4B-00C04F79EFBC}") = "z3", "z3\z3.csproj", "{437D62D6-7C98-491F-BBA2-4F898DD2C61F}"
EndProject
Global
	GlobalSection(SolutionConfigurationPlatforms) = preSolution
		Debug|Any CPU = Debug|Any CPU
		Release|Any CPU = Release|Any CPU
	EndGlobalSection
	GlobalSection(ProjectConfigurationPlatforms) = postSolution
		{4189486C-468C-4608-A447-7E23567A954A}.Debug|Any CPU.ActiveCfg = Debug|Any CPU
		{4189486C-468C-4608-A447-7E23567A954A}.Debug|Any CPU.Build.0 = Debug|Any CPU
		{4189486C-468C-4608-A447-7E23567A954A}.Release|Any CPU.ActiveCfg = Release|Any CPU
		{4189486C-468C-4608-A447-7E23567A954A}.Release|Any CPU.Build.0 = Release|Any CPU
		{10247020-DFE4-4EDC-9808-38C0CA18F4CA}.Debug|Any CPU.ActiveCfg = Debug|Any CPU
		{10247020-DFE4-4EDC-9808-38C0CA18F4CA}.Debug|Any CPU.Build.0 = Debug|Any CPU
		{10247020-DFE4-4EDC-9808-38C0CA18F4CA}.Release|Any CPU.ActiveCfg = Release|Any CPU
		{10247020-DFE4-4EDC-9808-38C0CA18F4CA}.Release|Any CPU.Build.0 = Release|Any CPU
		{437D62D6-7C98-491F-BBA2-4F898DD2C61F}.Debug|Any CPU.ActiveCfg = Debug|Any CPU
		{437D62D6-7C98-491F-BBA2-4F898DD2C61F}.Debug|Any CPU.Build.0 = Debug|Any CPU
		{437D62D6-7C98-491F-BBA2-4F898DD2C61F}.Release|Any CPU.ActiveCfg = Release|Any CPU
		{437D62D6-7C98-491F-BBA2-4F898DD2C61F}.Release|Any CPU.Build.0 = Release|Any CPU
	EndGlobalSection
	GlobalSection(SolutionProperties) = preSolution
		HideSolutionNode = FALSE
	EndGlobalSection
	GlobalSection(ExtensibilityGlobals) = postSolution
		SolutionGuid = {25B3890C-5779-4FCE-AAEF-F1286FBC4420}
	EndGlobalSection
EndGlobal
