
Microsoft Visual Studio Solution File, Format Version 12.00
# Visual Studio Version 17
VisualStudioVersion = 17.7.34202.233
MinimumVisualStudioVersion = 10.0.40219.1
Project("{FAE04EC0-301F-11D3-BF4B-00C04F79EFBC}") = "lr7", "z1\lr7.csproj", "{4F539936-46E3-40D1-87F2-6B6A8F0B4ABF}"
EndProject
Project("{FAE04EC0-301F-11D3-BF4B-00C04F79EFBC}") = "lr8z1", "lr8\lr8z1.csproj", "{BF75014D-15A6-4396-971B-89567E06B83E}"
EndProject
Project("{FAE04EC0-301F-11D3-BF4B-00C04F79EFBC}") = "lr8z2", "lr8z2\lr8z2.csproj", "{1342C454-D8D5-4A20-BC67-0CAF61A0269A}"
EndProject
Global
	GlobalSection(SolutionConfigurationPlatforms) = preSolution
		Debug|Any CPU = Debug|Any CPU
		Release|Any CPU = Release|Any CPU
	EndGlobalSection
	GlobalSection(ProjectConfigurationPlatforms) = postSolution
		{4F539936-46E3-40D1-87F2-6B6A8F0B4ABF}.Debug|Any CPU.ActiveCfg = Debug|Any CPU
		{4F539936-46E3-40D1-87F2-6B6A8F0B4ABF}.Debug|Any CPU.Build.0 = Debug|Any CPU
		{4F539936-46E3-40D1-87F2-6B6A8F0B4ABF}.Release|Any CPU.ActiveCfg = Release|Any CPU
		{4F539936-46E3-40D1-87F2-6B6A8F0B4ABF}.Release|Any CPU.Build.0 = Release|Any CPU
		{BF75014D-15A6-4396-971B-89567E06B83E}.Debug|Any CPU.ActiveCfg = Debug|Any CPU
		{BF75014D-15A6-4396-971B-89567E06B83E}.Debug|Any CPU.Build.0 = Debug|Any CPU
		{BF75014D-15A6-4396-971B-89567E06B83E}.Release|Any CPU.ActiveCfg = Release|Any CPU
		{BF75014D-15A6-4396-971B-89567E06B83E}.Release|Any CPU.Build.0 = Release|Any CPU
		{1342C454-D8D5-4A20-BC67-0CAF61A0269A}.Debug|Any CPU.ActiveCfg = Debug|Any CPU
		{1342C454-D8D5-4A20-BC67-0CAF61A0269A}.Debug|Any CPU.Build.0 = Debug|Any CPU
		{1342C454-D8D5-4A20-BC67-0CAF61A0269A}.Release|Any CPU.ActiveCfg = Release|Any CPU
		{1342C454-D8D5-4A20-BC67-0CAF61A0269A}.Release|Any CPU.Build.0 = Release|Any CPU
	EndGlobalSection
	GlobalSection(SolutionProperties) = preSolution
		HideSolutionNode = FALSE
	EndGlobalSection
	GlobalSection(ExtensibilityGlobals) = postSolution
		SolutionGuid = {EB0D8713-0967-4A0C-93A0-E3C60EF8373B}
	EndGlobalSection
EndGlobal
