
Microsoft Visual Studio Solution File, Format Version 12.00
# Visual Studio Version 17
VisualStudioVersion = 17.7.34202.233
MinimumVisualStudioVersion = 10.0.40219.1
Project("{FAE04EC0-301F-11D3-BF4B-00C04F79EFBC}") = "ex1", "lr20_1\ex1.csproj", "{B20405C1-18A1-4825-A14F-0FBAF8FFBCB1}"
EndProject
Project("{FAE04EC0-301F-11D3-BF4B-00C04F79EFBC}") = "z1", "lr20\z1.csproj", "{42C0493D-6E78-4AA2-9C84-BEF07E7CDA32}"
EndProject
Project("{FAE04EC0-301F-11D3-BF4B-00C04F79EFBC}") = "ex2", "lr20_2\ex2.csproj", "{5D194EB1-BF2D-49F9-A538-D9DB29B99C27}"
EndProject
Project("{FAE04EC0-301F-11D3-BF4B-00C04F79EFBC}") = "z2", "lr20z2\z2.csproj", "{68C0A11B-BE02-4DF7-BA22-10C0434A2152}"
EndProject
Global
	GlobalSection(SolutionConfigurationPlatforms) = preSolution
		Debug|Any CPU = Debug|Any CPU
		Release|Any CPU = Release|Any CPU
	EndGlobalSection
	GlobalSection(ProjectConfigurationPlatforms) = postSolution
		{B20405C1-18A1-4825-A14F-0FBAF8FFBCB1}.Debug|Any CPU.ActiveCfg = Debug|Any CPU
		{B20405C1-18A1-4825-A14F-0FBAF8FFBCB1}.Debug|Any CPU.Build.0 = Debug|Any CPU
		{B20405C1-18A1-4825-A14F-0FBAF8FFBCB1}.Release|Any CPU.ActiveCfg = Release|Any CPU
		{B20405C1-18A1-4825-A14F-0FBAF8FFBCB1}.Release|Any CPU.Build.0 = Release|Any CPU
		{42C0493D-6E78-4AA2-9C84-BEF07E7CDA32}.Debug|Any CPU.ActiveCfg = Debug|Any CPU
		{42C0493D-6E78-4AA2-9C84-BEF07E7CDA32}.Debug|Any CPU.Build.0 = Debug|Any CPU
		{42C0493D-6E78-4AA2-9C84-BEF07E7CDA32}.Release|Any CPU.ActiveCfg = Release|Any CPU
		{42C0493D-6E78-4AA2-9C84-BEF07E7CDA32}.Release|Any CPU.Build.0 = Release|Any CPU
		{5D194EB1-BF2D-49F9-A538-D9DB29B99C27}.Debug|Any CPU.ActiveCfg = Debug|Any CPU
		{5D194EB1-BF2D-49F9-A538-D9DB29B99C27}.Debug|Any CPU.Build.0 = Debug|Any CPU
		{5D194EB1-BF2D-49F9-A538-D9DB29B99C27}.Release|Any CPU.ActiveCfg = Release|Any CPU
		{5D194EB1-BF2D-49F9-A538-D9DB29B99C27}.Release|Any CPU.Build.0 = Release|Any CPU
		{68C0A11B-BE02-4DF7-BA22-10C0434A2152}.Debug|Any CPU.ActiveCfg = Debug|Any CPU
		{68C0A11B-BE02-4DF7-BA22-10C0434A2152}.Debug|Any CPU.Build.0 = Debug|Any CPU
		{68C0A11B-BE02-4DF7-BA22-10C0434A2152}.Release|Any CPU.ActiveCfg = Release|Any CPU
		{68C0A11B-BE02-4DF7-BA22-10C0434A2152}.Release|Any CPU.Build.0 = Release|Any CPU
	EndGlobalSection
	GlobalSection(SolutionProperties) = preSolution
		HideSolutionNode = FALSE
	EndGlobalSection
	GlobalSection(ExtensibilityGlobals) = postSolution
		SolutionGuid = {53C9C693-E9B4-48B0-9FE8-B1D2782A1668}
	EndGlobalSection
EndGlobal
